
Microsoft Visual Studio Solution File, Format Version 12.00
# Visual Studio 15
VisualStudioVersion = 15.0.27703.2035
MinimumVisualStudioVersion = 10.0.40219.1
Project("{FAE04EC0-301F-11D3-BF4B-00C04F79EFBC}") = "Framework", "Framework\Framework.csproj", "{3AF9DF9D-2820-4289-860D-D121035F78F8}"
EndProject
Project("{FAE04EC0-301F-11D3-BF4B-00C04F79EFBC}") = "Tests", "Tests\Tests.csproj", "{902E9BCB-0222-48D1-B1F2-AA760029AEA9}"
EndProject
Global
	GlobalSection(SolutionConfigurationPlatforms) = preSolution
		Debug|Any CPU = Debug|Any CPU
		Release|Any CPU = Release|Any CPU
	EndGlobalSection
	GlobalSection(ProjectConfigurationPlatforms) = postSolution
		{3AF9DF9D-2820-4289-860D-D121035F78F8}.Debug|Any CPU.ActiveCfg = Debug|Any CPU
		{3AF9DF9D-2820-4289-860D-D121035F78F8}.Debug|Any CPU.Build.0 = Debug|Any CPU
		{3AF9DF9D-2820-4289-860D-D121035F78F8}.Release|Any CPU.ActiveCfg = Release|Any CPU
		{3AF9DF9D-2820-4289-860D-D121035F78F8}.Release|Any CPU.Build.0 = Release|Any CPU
		{902E9BCB-0222-48D1-B1F2-AA760029AEA9}.Debug|Any CPU.ActiveCfg = Debug|Any CPU
		{902E9BCB-0222-48D1-B1F2-AA760029AEA9}.Debug|Any CPU.Build.0 = Debug|Any CPU
		{902E9BCB-0222-48D1-B1F2-AA760029AEA9}.Release|Any CPU.ActiveCfg = Release|Any CPU
		{902E9BCB-0222-48D1-B1F2-AA760029AEA9}.Release|Any CPU.Build.0 = Release|Any CPU
	EndGlobalSection
	GlobalSection(SolutionProperties) = preSolution
		HideSolutionNode = FALSE
	EndGlobalSection
	GlobalSection(ExtensibilityGlobals) = postSolution
		SolutionGuid = {2ED80B6C-A7F0-4B69-9EAC-722BE4626D56}
	EndGlobalSection
EndGlobal
